
Microsoft Visual Studio Solution File, Format Version 12.00
# Visual Studio Version 17
VisualStudioVersion = 17.3.32929.385
MinimumVisualStudioVersion = 10.0.40219.1
Project("{FAE04EC0-301F-11D3-BF4B-00C04F79EFBC}") = "VariousFigureSquare", "VariousFigureSquare.csproj", "{14D1F768-142D-44AA-8AA6-6A91C8170660}"
EndProject
Global
	GlobalSection(SolutionConfigurationPlatforms) = preSolution
		Debug|Any CPU = Debug|Any CPU
		Release|Any CPU = Release|Any CPU
	EndGlobalSection
	GlobalSection(ProjectConfigurationPlatforms) = postSolution
		{14D1F768-142D-44AA-8AA6-6A91C8170660}.Debug|Any CPU.ActiveCfg = Debug|Any CPU
		{14D1F768-142D-44AA-8AA6-6A91C8170660}.Debug|Any CPU.Build.0 = Debug|Any CPU
		{14D1F768-142D-44AA-8AA6-6A91C8170660}.Release|Any CPU.ActiveCfg = Release|Any CPU
		{14D1F768-142D-44AA-8AA6-6A91C8170660}.Release|Any CPU.Build.0 = Release|Any CPU
	EndGlobalSection
	GlobalSection(SolutionProperties) = preSolution
		HideSolutionNode = FALSE
	EndGlobalSection
	GlobalSection(ExtensibilityGlobals) = postSolution
		SolutionGuid = {5377E63E-DEDC-432D-81B5-4BECCBE498E9}
	EndGlobalSection
EndGlobal
